
Microsoft Visual Studio Solution File, Format Version 12.00
# Visual Studio Version 16
VisualStudioVersion = 16.0.31515.178
MinimumVisualStudioVersion = 10.0.40219.1
Project("{FAE04EC0-301F-11D3-BF4B-00C04F79EFBC}") = "ticket-1534583.UWP", "ticket-1534583\ticket-1534583.UWP\ticket-1534583.UWP.csproj", "{1CE0EF6F-0B94-4E98-AA27-A72A78AD9BDA}"
EndProject
Project("{FAE04EC0-301F-11D3-BF4B-00C04F79EFBC}") = "ticket-1534583.Android", "ticket-1534583\ticket-1534583.Android\ticket-1534583.Android.csproj", "{4051B92A-38ED-4175-97A5-A1B4876B6478}"
EndProject
Project("{FAE04EC0-301F-11D3-BF4B-00C04F79EFBC}") = "ticket-1534583.iOS", "ticket-1534583\ticket-1534583.iOS\ticket-1534583.iOS.csproj", "{357053EB-9773-437F-8C5D-ABC57ECBC2D1}"
EndProject
Project("{FAE04EC0-301F-11D3-BF4B-00C04F79EFBC}") = "ticket-1534583", "ticket-1534583\ticket-1534583\ticket-1534583.csproj", "{BBBBF0C2-F853-4018-8865-54221932D83D}"
EndProject
Global
	GlobalSection(SolutionConfigurationPlatforms) = preSolution
		Debug|Any CPU = Debug|Any CPU
		Debug|ARM = Debug|ARM
		Debug|iPhone = Debug|iPhone
		Debug|iPhoneSimulator = Debug|iPhoneSimulator
		Debug|x64 = Debug|x64
		Debug|x86 = Debug|x86
		Release|Any CPU = Release|Any CPU
		Release|ARM = Release|ARM
		Release|iPhone = Release|iPhone
		Release|iPhoneSimulator = Release|iPhoneSimulator
		Release|x64 = Release|x64
		Release|x86 = Release|x86
	EndGlobalSection
	GlobalSection(ProjectConfigurationPlatforms) = postSolution
		{1CE0EF6F-0B94-4E98-AA27-A72A78AD9BDA}.Debug|Any CPU.ActiveCfg = Debug|x86
		{1CE0EF6F-0B94-4E98-AA27-A72A78AD9BDA}.Debug|Any CPU.Build.0 = Debug|x86
		{1CE0EF6F-0B94-4E98-AA27-A72A78AD9BDA}.Debug|Any CPU.Deploy.0 = Debug|x86
		{1CE0EF6F-0B94-4E98-AA27-A72A78AD9BDA}.Debug|ARM.ActiveCfg = Debug|ARM
		{1CE0EF6F-0B94-4E98-AA27-A72A78AD9BDA}.Debug|ARM.Build.0 = Debug|ARM
		{1CE0EF6F-0B94-4E98-AA27-A72A78AD9BDA}.Debug|ARM.Deploy.0 = Debug|ARM
		{1CE0EF6F-0B94-4E98-AA27-A72A78AD9BDA}.Debug|iPhone.ActiveCfg = Debug|x86
		{1CE0EF6F-0B94-4E98-AA27-A72A78AD9BDA}.Debug|iPhone.Build.0 = Debug|x86
		{1CE0EF6F-0B94-4E98-AA27-A72A78AD9BDA}.Debug|iPhone.Deploy.0 = Debug|x86
		{1CE0EF6F-0B94-4E98-AA27-A72A78AD9BDA}.Debug|iPhoneSimulator.ActiveCfg = Debug|x86
		{1CE0EF6F-0B94-4E98-AA27-A72A78AD9BDA}.Debug|iPhoneSimulator.Build.0 = Debug|x86
		{1CE0EF6F-0B94-4E98-AA27-A72A78AD9BDA}.Debug|iPhoneSimulator.Deploy.0 = Debug|x86
		{1CE0EF6F-0B94-4E98-AA27-A72A78AD9BDA}.Debug|x64.ActiveCfg = Debug|x64
		{1CE0EF6F-0B94-4E98-AA27-A72A78AD9BDA}.Debug|x64.Build.0 = Debug|x64
		{1CE0EF6F-0B94-4E98-AA27-A72A78AD9BDA}.Debug|x64.Deploy.0 = Debug|x64
		{1CE0EF6F-0B94-4E98-AA27-A72A78AD9BDA}.Debug|x86.ActiveCfg = Debug|x86
		{1CE0EF6F-0B94-4E98-AA27-A72A78AD9BDA}.Debug|x86.Build.0 = Debug|x86
		{1CE0EF6F-0B94-4E98-AA27-A72A78AD9BDA}.Debug|x86.Deploy.0 = Debug|x86
		{1CE0EF6F-0B94-4E98-AA27-A72A78AD9BDA}.Release|Any CPU.ActiveCfg = Release|x86
		{1CE0EF6F-0B94-4E98-AA27-A72A78AD9BDA}.Release|Any CPU.Build.0 = Release|x86
		{1CE0EF6F-0B94-4E98-AA27-A72A78AD9BDA}.Release|Any CPU.Deploy.0 = Release|x86
		{1CE0EF6F-0B94-4E98-AA27-A72A78AD9BDA}.Release|ARM.ActiveCfg = Release|ARM
		{1CE0EF6F-0B94-4E98-AA27-A72A78AD9BDA}.Release|ARM.Build.0 = Release|ARM
		{1CE0EF6F-0B94-4E98-AA27-A72A78AD9BDA}.Release|ARM.Deploy.0 = Release|ARM
		{1CE0EF6F-0B94-4E98-AA27-A72A78AD9BDA}.Release|iPhone.ActiveCfg = Release|x86
		{1CE0EF6F-0B94-4E98-AA27-A72A78AD9BDA}.Release|iPhone.Build.0 = Release|x86
		{1CE0EF6F-0B94-4E98-AA27-A72A78AD9BDA}.Release|iPhone.Deploy.0 = Release|x86
		{1CE0EF6F-0B94-4E98-AA27-A72A78AD9BDA}.Release|iPhoneSimulator.ActiveCfg = Release|x86
		{1CE0EF6F-0B94-4E98-AA27-A72A78AD9BDA}.Release|iPhoneSimulator.Build.0 = Release|x86
		{1CE0EF6F-0B94-4E98-AA27-A72A78AD9BDA}.Release|iPhoneSimulator.Deploy.0 = Release|x86
		{1CE0EF6F-0B94-4E98-AA27-A72A78AD9BDA}.Release|x64.ActiveCfg = Release|x64
		{1CE0EF6F-0B94-4E98-AA27-A72A78AD9BDA}.Release|x64.Build.0 = Release|x64
		{1CE0EF6F-0B94-4E98-AA27-A72A78AD9BDA}.Release|x64.Deploy.0 = Release|x64
		{1CE0EF6F-0B94-4E98-AA27-A72A78AD9BDA}.Release|x86.ActiveCfg = Release|x86
		{1CE0EF6F-0B94-4E98-AA27-A72A78AD9BDA}.Release|x86.Build.0 = Release|x86
		{1CE0EF6F-0B94-4E98-AA27-A72A78AD9BDA}.Release|x86.Deploy.0 = Release|x86
		{4051B92A-38ED-4175-97A5-A1B4876B6478}.Debug|Any CPU.ActiveCfg = Debug|Any CPU
		{4051B92A-38ED-4175-97A5-A1B4876B6478}.Debug|Any CPU.Build.0 = Debug|Any CPU
		{4051B92A-38ED-4175-97A5-A1B4876B6478}.Debug|Any CPU.Deploy.0 = Debug|Any CPU
		{4051B92A-38ED-4175-97A5-A1B4876B6478}.Debug|ARM.ActiveCfg = Debug|Any CPU
		{4051B92A-38ED-4175-97A5-A1B4876B6478}.Debug|ARM.Build.0 = Debug|Any CPU
		{4051B92A-38ED-4175-97A5-A1B4876B6478}.Debug|ARM.Deploy.0 = Debug|Any CPU
		{4051B92A-38ED-4175-97A5-A1B4876B6478}.Debug|iPhone.ActiveCfg = Debug|Any CPU
		{4051B92A-38ED-4175-97A5-A1B4876B6478}.Debug|iPhone.Build.0 = Debug|Any CPU
		{4051B92A-38ED-4175-97A5-A1B4876B6478}.Debug|iPhone.Deploy.0 = Debug|Any CPU
		{4051B92A-38ED-4175-97A5-A1B4876B6478}.Debug|iPhoneSimulator.ActiveCfg = Debug|Any CPU
		{4051B92A-38ED-4175-97A5-A1B4876B6478}.Debug|iPhoneSimulator.Build.0 = Debug|Any CPU
		{4051B92A-38ED-4175-97A5-A1B4876B6478}.Debug|iPhoneSimulator.Deploy.0 = Debug|Any CPU
		{4051B92A-38ED-4175-97A5-A1B4876B6478}.Debug|x64.ActiveCfg = Debug|Any CPU
		{4051B92A-38ED-4175-97A5-A1B4876B6478}.Debug|x64.Build.0 = Debug|Any CPU
		{4051B92A-38ED-4175-97A5-A1B4876B6478}.Debug|x64.Deploy.0 = Debug|Any CPU
		{4051B92A-38ED-4175-97A5-A1B4876B6478}.Debug|x86.ActiveCfg = Debug|Any CPU
		{4051B92A-38ED-4175-97A5-A1B4876B6478}.Debug|x86.Build.0 = Debug|Any CPU
		{4051B92A-38ED-4175-97A5-A1B4876B6478}.Debug|x86.Deploy.0 = Debug|Any CPU
		{4051B92A-38ED-4175-97A5-A1B4876B6478}.Release|Any CPU.ActiveCfg = Release|Any CPU
		{4051B92A-38ED-4175-97A5-A1B4876B6478}.Release|Any CPU.Build.0 = Release|Any CPU
		{4051B92A-38ED-4175-97A5-A1B4876B6478}.Release|Any CPU.Deploy.0 = Release|Any CPU
		{4051B92A-38ED-4175-97A5-A1B4876B6478}.Release|ARM.ActiveCfg = Release|Any CPU
		{4051B92A-38ED-4175-97A5-A1B4876B6478}.Release|ARM.Build.0 = Release|Any CPU
		{4051B92A-38ED-4175-97A5-A1B4876B6478}.Release|ARM.Deploy.0 = Release|Any CPU
		{4051B92A-38ED-4175-97A5-A1B4876B6478}.Release|iPhone.ActiveCfg = Release|Any CPU
		{4051B92A-38ED-4175-97A5-A1B4876B6478}.Release|iPhone.Build.0 = Release|Any CPU
		{4051B92A-38ED-4175-97A5-A1B4876B6478}.Release|iPhone.Deploy.0 = Release|Any CPU
		{4051B92A-38ED-4175-97A5-A1B4876B6478}.Release|iPhoneSimulator.ActiveCfg = Release|Any CPU
		{4051B92A-38ED-4175-97A5-A1B4876B6478}.Release|iPhoneSimulator.Build.0 = Release|Any CPU
		{4051B92A-38ED-4175-97A5-A1B4876B6478}.Release|iPhoneSimulator.Deploy.0 = Release|Any CPU
		{4051B92A-38ED-4175-97A5-A1B4876B6478}.Release|x64.ActiveCfg = Release|Any CPU
		{4051B92A-38ED-4175-97A5-A1B4876B6478}.Release|x64.Build.0 = Release|Any CPU
		{4051B92A-38ED-4175-97A5-A1B4876B6478}.Release|x64.Deploy.0 = Release|Any CPU
		{4051B92A-38ED-4175-97A5-A1B4876B6478}.Release|x86.ActiveCfg = Release|Any CPU
		{4051B92A-38ED-4175-97A5-A1B4876B6478}.Release|x86.Build.0 = Release|Any CPU
		{4051B92A-38ED-4175-97A5-A1B4876B6478}.Release|x86.Deploy.0 = Release|Any CPU
		{357053EB-9773-437F-8C5D-ABC57ECBC2D1}.Debug|Any CPU.ActiveCfg = Debug|iPhoneSimulator
		{357053EB-9773-437F-8C5D-ABC57ECBC2D1}.Debug|Any CPU.Build.0 = Debug|iPhoneSimulator
		{357053EB-9773-437F-8C5D-ABC57ECBC2D1}.Debug|Any CPU.Deploy.0 = Debug|iPhoneSimulator
		{357053EB-9773-437F-8C5D-ABC57ECBC2D1}.Debug|ARM.ActiveCfg = Debug|iPhone
		{357053EB-9773-437F-8C5D-ABC57ECBC2D1}.Debug|ARM.Build.0 = Debug|iPhone
		{357053EB-9773-437F-8C5D-ABC57ECBC2D1}.Debug|ARM.Deploy.0 = Debug|iPhone
		{357053EB-9773-437F-8C5D-ABC57ECBC2D1}.Debug|iPhone.ActiveCfg = Debug|iPhone
		{357053EB-9773-437F-8C5D-ABC57ECBC2D1}.Debug|iPhone.Build.0 = Debug|iPhone
		{357053EB-9773-437F-8C5D-ABC57ECBC2D1}.Debug|iPhone.Deploy.0 = Debug|iPhone
		{357053EB-9773-437F-8C5D-ABC57ECBC2D1}.Debug|iPhoneSimulator.ActiveCfg = Debug|iPhoneSimulator
		{357053EB-9773-437F-8C5D-ABC57ECBC2D1}.Debug|iPhoneSimulator.Build.0 = Debug|iPhoneSimulator
		{357053EB-9773-437F-8C5D-ABC57ECBC2D1}.Debug|iPhoneSimulator.Deploy.0 = Debug|iPhoneSimulator
		{357053EB-9773-437F-8C5D-ABC57ECBC2D1}.Debug|x64.ActiveCfg = Debug|iPhoneSimulator
		{357053EB-9773-437F-8C5D-ABC57ECBC2D1}.Debug|x64.Build.0 = Debug|iPhoneSimulator
		{357053EB-9773-437F-8C5D-ABC57ECBC2D1}.Debug|x64.Deploy.0 = Debug|iPhoneSimulator
		{357053EB-9773-437F-8C5D-ABC57ECBC2D1}.Debug|x86.ActiveCfg = Debug|iPhoneSimulator
		{357053EB-9773-437F-8C5D-ABC57ECBC2D1}.Debug|x86.Build.0 = Debug|iPhoneSimulator
		{357053EB-9773-437F-8C5D-ABC57ECBC2D1}.Debug|x86.Deploy.0 = Debug|iPhoneSimulator
		{357053EB-9773-437F-8C5D-ABC57ECBC2D1}.Release|Any CPU.ActiveCfg = Release|iPhoneSimulator
		{357053EB-9773-437F-8C5D-ABC57ECBC2D1}.Release|Any CPU.Build.0 = Release|iPhoneSimulator
		{357053EB-9773-437F-8C5D-ABC57ECBC2D1}.Release|Any CPU.Deploy.0 = Release|iPhoneSimulator
		{357053EB-9773-437F-8C5D-ABC57ECBC2D1}.Release|ARM.ActiveCfg = Release|iPhoneSimulator
		{357053EB-9773-437F-8C5D-ABC57ECBC2D1}.Release|ARM.Build.0 = Release|iPhoneSimulator
		{357053EB-9773-437F-8C5D-ABC57ECBC2D1}.Release|ARM.Deploy.0 = Release|iPhoneSimulator
		{357053EB-9773-437F-8C5D-ABC57ECBC2D1}.Release|iPhone.ActiveCfg = Release|iPhone
		{357053EB-9773-437F-8C5D-ABC57ECBC2D1}.Release|iPhone.Build.0 = Release|iPhone
		{357053EB-9773-437F-8C5D-ABC57ECBC2D1}.Release|iPhone.Deploy.0 = Release|iPhone
		{357053EB-9773-437F-8C5D-ABC57ECBC2D1}.Release|iPhoneSimulator.ActiveCfg = Release|iPhoneSimulator
		{357053EB-9773-437F-8C5D-ABC57ECBC2D1}.Release|iPhoneSimulator.Build.0 = Release|iPhoneSimulator
		{357053EB-9773-437F-8C5D-ABC57ECBC2D1}.Release|iPhoneSimulator.Deploy.0 = Release|iPhoneSimulator
		{357053EB-9773-437F-8C5D-ABC57ECBC2D1}.Release|x64.ActiveCfg = Release|iPhoneSimulator
		{357053EB-9773-437F-8C5D-ABC57ECBC2D1}.Release|x64.Build.0 = Release|iPhoneSimulator
		{357053EB-9773-437F-8C5D-ABC57ECBC2D1}.Release|x64.Deploy.0 = Release|iPhoneSimulator
		{357053EB-9773-437F-8C5D-ABC57ECBC2D1}.Release|x86.ActiveCfg = Release|iPhoneSimulator
		{357053EB-9773-437F-8C5D-ABC57ECBC2D1}.Release|x86.Build.0 = Release|iPhoneSimulator
		{357053EB-9773-437F-8C5D-ABC57ECBC2D1}.Release|x86.Deploy.0 = Release|iPhoneSimulator
		{BBBBF0C2-F853-4018-8865-54221932D83D}.Debug|Any CPU.ActiveCfg = Debug|Any CPU
		{BBBBF0C2-F853-4018-8865-54221932D83D}.Debug|Any CPU.Build.0 = Debug|Any CPU
		{BBBBF0C2-F853-4018-8865-54221932D83D}.Debug|Any CPU.Deploy.0 = Debug|Any CPU
		{BBBBF0C2-F853-4018-8865-54221932D83D}.Debug|ARM.ActiveCfg = Debug|Any CPU
		{BBBBF0C2-F853-4018-8865-54221932D83D}.Debug|ARM.Build.0 = Debug|Any CPU
		{BBBBF0C2-F853-4018-8865-54221932D83D}.Debug|ARM.Deploy.0 = Debug|Any CPU
		{BBBBF0C2-F853-4018-8865-54221932D83D}.Debug|iPhone.ActiveCfg = Debug|Any CPU
		{BBBBF0C2-F853-4018-8865-54221932D83D}.Debug|iPhone.Build.0 = Debug|Any CPU
		{BBBBF0C2-F853-4018-8865-54221932D83D}.Debug|iPhone.Deploy.0 = Debug|Any CPU
		{BBBBF0C2-F853-4018-8865-54221932D83D}.Debug|iPhoneSimulator.ActiveCfg = Debug|Any CPU
		{BBBBF0C2-F853-4018-8865-54221932D83D}.Debug|iPhoneSimulator.Build.0 = Debug|Any CPU
		{BBBBF0C2-F853-4018-8865-54221932D83D}.Debug|iPhoneSimulator.Deploy.0 = Debug|Any CPU
		{BBBBF0C2-F853-4018-8865-54221932D83D}.Debug|x64.ActiveCfg = Debug|Any CPU
		{BBBBF0C2-F853-4018-8865-54221932D83D}.Debug|x64.Build.0 = Debug|Any CPU
		{BBBBF0C2-F853-4018-8865-54221932D83D}.Debug|x64.Deploy.0 = Debug|Any CPU
		{BBBBF0C2-F853-4018-8865-54221932D83D}.Debug|x86.ActiveCfg = Debug|Any CPU
		{BBBBF0C2-F853-4018-8865-54221932D83D}.Debug|x86.Build.0 = Debug|Any CPU
		{BBBBF0C2-F853-4018-8865-54221932D83D}.Debug|x86.Deploy.0 = Debug|Any CPU
		{BBBBF0C2-F853-4018-8865-54221932D83D}.Release|Any CPU.ActiveCfg = Release|Any CPU
		{BBBBF0C2-F853-4018-8865-54221932D83D}.Release|Any CPU.Build.0 = Release|Any CPU
		{BBBBF0C2-F853-4018-8865-54221932D83D}.Release|Any CPU.Deploy.0 = Release|Any CPU
		{BBBBF0C2-F853-4018-8865-54221932D83D}.Release|ARM.ActiveCfg = Release|Any CPU
		{BBBBF0C2-F853-4018-8865-54221932D83D}.Release|ARM.Build.0 = Release|Any CPU
		{BBBBF0C2-F853-4018-8865-54221932D83D}.Release|ARM.Deploy.0 = Release|Any CPU
		{BBBBF0C2-F853-4018-8865-54221932D83D}.Release|iPhone.ActiveCfg = Release|Any CPU
		{BBBBF0C2-F853-4018-8865-54221932D83D}.Release|iPhone.Build.0 = Release|Any CPU
		{BBBBF0C2-F853-4018-8865-54221932D83D}.Release|iPhone.Deploy.0 = Release|Any CPU
		{BBBBF0C2-F853-4018-8865-54221932D83D}.Release|iPhoneSimulator.ActiveCfg = Release|Any CPU
		{BBBBF0C2-F853-4018-8865-54221932D83D}.Release|iPhoneSimulator.Build.0 = Release|Any CPU
		{BBBBF0C2-F853-4018-8865-54221932D83D}.Release|iPhoneSimulator.Deploy.0 = Release|Any CPU
		{BBBBF0C2-F853-4018-8865-54221932D83D}.Release|x64.ActiveCfg = Release|Any CPU
		{BBBBF0C2-F853-4018-8865-54221932D83D}.Release|x64.Build.0 = Release|Any CPU
		{BBBBF0C2-F853-4018-8865-54221932D83D}.Release|x64.Deploy.0 = Release|Any CPU
		{BBBBF0C2-F853-4018-8865-54221932D83D}.Release|x86.ActiveCfg = Release|Any CPU
		{BBBBF0C2-F853-4018-8865-54221932D83D}.Release|x86.Build.0 = Release|Any CPU
		{BBBBF0C2-F853-4018-8865-54221932D83D}.Release|x86.Deploy.0 = Release|Any CPU
	EndGlobalSection
	GlobalSection(SolutionProperties) = preSolution
		HideSolutionNode = FALSE
	EndGlobalSection
	GlobalSection(ExtensibilityGlobals) = postSolution
		SolutionGuid = {9B4BA7FE-0A3E-4B46-B4D4-57409FEC430D}
	EndGlobalSection
EndGlobal
